
Microsoft Visual Studio Solution File, Format Version 12.00
# Visual Studio 15
VisualStudioVersion = 15.0.27428.2011
MinimumVisualStudioVersion = 10.0.40219.1
Project("{FAE04EC0-301F-11D3-BF4B-00C04F79EFBC}") = "EventBus.EventBusRabbitMQ", "EventBus.EventBusRabbitMQ\EventBus.EventBusRabbitMQ.csproj", "{F57EE582-7B1E-4025-8F5E-3E6B87AF738D}"
EndProject
Global
	GlobalSection(SolutionConfigurationPlatforms) = preSolution
		Debug|Any CPU = Debug|Any CPU
		Release|Any CPU = Release|Any CPU
	EndGlobalSection
	GlobalSection(ProjectConfigurationPlatforms) = postSolution
		{F57EE582-7B1E-4025-8F5E-3E6B87AF738D}.Debug|Any CPU.ActiveCfg = Debug|Any CPU
		{F57EE582-7B1E-4025-8F5E-3E6B87AF738D}.Debug|Any CPU.Build.0 = Debug|Any CPU
		{F57EE582-7B1E-4025-8F5E-3E6B87AF738D}.Release|Any CPU.ActiveCfg = Release|Any CPU
		{F57EE582-7B1E-4025-8F5E-3E6B87AF738D}.Release|Any CPU.Build.0 = Release|Any CPU
	EndGlobalSection
	GlobalSection(SolutionProperties) = preSolution
		HideSolutionNode = FALSE
	EndGlobalSection
	GlobalSection(ExtensibilityGlobals) = postSolution
		SolutionGuid = {91F70377-69EB-4B88-8132-6C02A644A8E5}
	EndGlobalSection
EndGlobal
